
Microsoft Visual Studio Solution File, Format Version 12.00
# Visual Studio Version 17
VisualStudioVersion = 17.14.36327.8 d17.14
MinimumVisualStudioVersion = 10.0.40219.1
Project("{FAE04EC0-301F-11D3-BF4B-00C04F79EFBC}") = "GPA_Cal_BetterUI", "GPA_Cal_BetterUI\GPA_Cal_BetterUI.csproj", "{01A5D891-A4C8-4E3E-81F1-61D8F10BDDD0}"
EndProject
Global
	GlobalSection(SolutionConfigurationPlatforms) = preSolution
		Debug|Any CPU = Debug|Any CPU
		Release|Any CPU = Release|Any CPU
	EndGlobalSection
	GlobalSection(ProjectConfigurationPlatforms) = postSolution
		{01A5D891-A4C8-4E3E-81F1-61D8F10BDDD0}.Debug|Any CPU.ActiveCfg = Debug|Any CPU
		{01A5D891-A4C8-4E3E-81F1-61D8F10BDDD0}.Debug|Any CPU.Build.0 = Debug|Any CPU
		{01A5D891-A4C8-4E3E-81F1-61D8F10BDDD0}.Release|Any CPU.ActiveCfg = Release|Any CPU
		{01A5D891-A4C8-4E3E-81F1-61D8F10BDDD0}.Release|Any CPU.Build.0 = Release|Any CPU
	EndGlobalSection
	GlobalSection(SolutionProperties) = preSolution
		HideSolutionNode = FALSE
	EndGlobalSection
	GlobalSection(ExtensibilityGlobals) = postSolution
		SolutionGuid = {B4076312-492E-4367-AB08-504307C41B36}
	EndGlobalSection
EndGlobal
